
Microsoft Visual Studio Solution File, Format Version 12.00
# Visual Studio Version 17
VisualStudioVersion = 17.2.32630.192
MinimumVisualStudioVersion = 10.0.40219.1
Project("{FAE04EC0-301F-11D3-BF4B-00C04F79EFBC}") = "HealingTalkNearestYou", "HealingTalkNearestYou\HealingTalkNearestYou.csproj", "{BE490263-A84A-46AD-9384-7DADF15A247D}"
EndProject
Project("{FAE04EC0-301F-11D3-BF4B-00C04F79EFBC}") = "HealingTalkNearestYou.Tests", "HealingTalkNearestYou.Tests\HealingTalkNearestYou.Tests.csproj", "{58975E94-A19D-4E7E-8F31-942EEA1EFA2E}"
EndProject
Global
	GlobalSection(SolutionConfigurationPlatforms) = preSolution
		Debug|Any CPU = Debug|Any CPU
		Release|Any CPU = Release|Any CPU
	EndGlobalSection
	GlobalSection(ProjectConfigurationPlatforms) = postSolution
		{BE490263-A84A-46AD-9384-7DADF15A247D}.Debug|Any CPU.ActiveCfg = Debug|Any CPU
		{BE490263-A84A-46AD-9384-7DADF15A247D}.Debug|Any CPU.Build.0 = Debug|Any CPU
		{BE490263-A84A-46AD-9384-7DADF15A247D}.Release|Any CPU.ActiveCfg = Release|Any CPU
		{BE490263-A84A-46AD-9384-7DADF15A247D}.Release|Any CPU.Build.0 = Release|Any CPU
		{58975E94-A19D-4E7E-8F31-942EEA1EFA2E}.Debug|Any CPU.ActiveCfg = Debug|Any CPU
		{58975E94-A19D-4E7E-8F31-942EEA1EFA2E}.Debug|Any CPU.Build.0 = Debug|Any CPU
		{58975E94-A19D-4E7E-8F31-942EEA1EFA2E}.Release|Any CPU.ActiveCfg = Release|Any CPU
		{58975E94-A19D-4E7E-8F31-942EEA1EFA2E}.Release|Any CPU.Build.0 = Release|Any CPU
	EndGlobalSection
	GlobalSection(SolutionProperties) = preSolution
		HideSolutionNode = FALSE
	EndGlobalSection
	GlobalSection(ExtensibilityGlobals) = postSolution
		SolutionGuid = {E8836DB1-4EFF-4D98-87AD-330E2148556E}
	EndGlobalSection
EndGlobal
