
Microsoft Visual Studio Solution File, Format Version 12.00
# Visual Studio Version 17
VisualStudioVersion = 17.2.32630.192
MinimumVisualStudioVersion = 10.0.40219.1
Project("{FAE04EC0-301F-11D3-BF4B-00C04F79EFBC}") = "FIT5032_MyModelFirst", "FIT5032_MyModelFirst\FIT5032_MyModelFirst.csproj", "{44F615D8-6D60-446A-9C00-06439DCF2D00}"
EndProject
Global
	GlobalSection(SolutionConfigurationPlatforms) = preSolution
		Debug|Any CPU = Debug|Any CPU
		Release|Any CPU = Release|Any CPU
	EndGlobalSection
	GlobalSection(ProjectConfigurationPlatforms) = postSolution
		{44F615D8-6D60-446A-9C00-06439DCF2D00}.Debug|Any CPU.ActiveCfg = Debug|Any CPU
		{44F615D8-6D60-446A-9C00-06439DCF2D00}.Debug|Any CPU.Build.0 = Debug|Any CPU
		{44F615D8-6D60-446A-9C00-06439DCF2D00}.Release|Any CPU.ActiveCfg = Release|Any CPU
		{44F615D8-6D60-446A-9C00-06439DCF2D00}.Release|Any CPU.Build.0 = Release|Any CPU
	EndGlobalSection
	GlobalSection(SolutionProperties) = preSolution
		HideSolutionNode = FALSE
	EndGlobalSection
	GlobalSection(ExtensibilityGlobals) = postSolution
		SolutionGuid = {FA571966-083A-49C4-8909-4190A5AC69E7}
	EndGlobalSection
EndGlobal
